Microsoft Visual Studio Solution File, Format Version 12.00
# Visual Studio Version 17
VisualStudioVersion = 17.7.34202.233
MinimumVisualStudioVersion = 10.0.40219.1
Project("{FAE04EC0-301F-11D3-BF4B-00C04F79EFBC}") = "BibliotekaApp", "BibliotekaApp.csproj", "{F1A7259A-BB5E-42FB-8B21-42A4A79F3B1E}"
EndProject
Global
	GlobalSection(SolutionConfigurationPlatforms) = preSolution
		Debug|Any CPU = Debug|Any CPU
		Release|Any CPU = Release|Any CPU
	EndGlobalSection
	GlobalSection(ProjectConfigurationPlatforms) = postSolution
		{F1A7259A-BB5E-42FB-8B21-42A4A79F3B1E}.Debug|Any CPU.ActiveCfg = Debug|Any CPU
		{F1A7259A-BB5E-42FB-8B21-42A4A79F3B1E}.Debug|Any CPU.Build.0 = Debug|Any CPU
		{F1A7259A-BB5E-42FB-8B21-42A4A79F3B1E}.Release|Any CPU.ActiveCfg = Release|Any CPU
		{F1A7259A-BB5E-42FB-8B21-42A4A79F3B1E}.Release|Any CPU.Build.0 = Release|Any CPU
	EndGlobalSection
	GlobalSection(SolutionProperties) = preSolution
		HideSolutionNode = FALSE
	EndGlobalSection
	GlobalSection(ExtensibilityGlobals) = postSolution
		SolutionGuid = {657C1431-7A7F-40FB-8206-9A93B7EB681B}
	EndGlobalSection
EndGlobal
